// !$*UTF8*$!
{
	archiveVersion = 1;
	classes = {
	};
	objectVersion = 46;
	objects = {

/* Begin PBXBuildFile section */
		96A654011ADB6A7D00F3D237 /* main.m in Sources */ = {isa = PBXBuildFile; fileRef = 96A654001ADB6A7D00F3D237 /* main.m */; };
		96A654041ADB6A7D00F3D237 /* AppDelegate.m in Sources */ = {isa = PBXBuildFile; fileRef = 96A654031ADB6A7D00F3D237 /* AppDelegate.m */; };
		96A654071ADB6A7D00F3D237 /* ViewController.m in Sources */ = {isa = PBXBuildFile; fileRef = 96A654061ADB6A7D00F3D237 /* ViewController.m */; };
		96A6540A1ADB6A7D00F3D237 /* Main.storyboard in Resources */ = {isa = PBXBuildFile; fileRef = 96A654081ADB6A7D00F3D237 /* Main.storyboard */; };
		96A6540C1ADB6A7D00F3D237 /* Images.xcassets in Resources */ = {isa = PBXBuildFile; fileRef = 96A6540B1ADB6A7D00F3D237 /* Images.xcassets */; };
		96A6540F1ADB6A7D00F3D237 /* LaunchScreen.xib in Resources */ = {isa = PBXBuildFile; fileRef = 96A6540D1ADB6A7D00F3D237 /* LaunchScreen.xib */; };
		96A6541B1ADB6A7D00F3D237 /* iOSSliderTests.m in Sources */ = {isa = PBXBuildFile; fileRef = 96A6541A1ADB6A7D00F3D237 /* iOSSliderTests.m */; };
		96A654321ADB839F00F3D237 /* ZC_ShinningSlider.m in Sources */ = {isa = PBXBuildFile; fileRef = 96A654311ADB839F00F3D237 /* ZC_ShinningSlider.m */; };
		96A6543A1ADB842B00F3D237 /* FBShimmeringLayer.m in Sources */ = {isa = PBXBuildFile; fileRef = 96A654371ADB842B00F3D237 /* FBShimmeringLayer.m */; };
		96A6543B1ADB842B00F3D237 /* FBShimmeringView.m in Sources */ = {isa = PBXBuildFile; fileRef = 96A654391ADB842B00F3D237 /* FBShimmeringView.m */; };
		C59345A075717642E43FF56D /* libPods.a in Frameworks */ = {isa = PBXBuildFile; fileRef = 7E1A562DDA1B624D879EBDAE /* libPods.a */; };
/* End PBXBuildFile section */

/* Begin PBXContainerItemProxy section */
		96A654151ADB6A7D00F3D237 /* PBXContainerItemProxy */ = {
			isa = PBXContainerItemProxy;
			containerPortal = 96A653F31ADB6A7D00F3D237 /* Project object */;
			proxyType = 1;
			remoteGlobalIDString = 96A653FA1ADB6A7D00F3D237;
			remoteInfo = iOSSlider;
		};
/* End PBXContainerItemProxy section */

/* Begin PBXFileReference section */
		4CEF802EAFC664D5AE66A738 /* Pods.release.xcconfig */ = {isa = PBXFileReference; includeInIndex = 1; lastKnownFileType = text.xcconfig; name = Pods.release.xcconfig; path = "Pods/Target Support Files/Pods/Pods.release.xcconfig"; sourceTree = "<group>"; };
		7E1A562DDA1B624D879EBDAE /* libPods.a */ = {isa = PBXFileReference; explicitFileType = archive.ar; includeInIndex = 0; path = libPods.a; sourceTree = BUILT_PRODUCTS_DIR; };
		96A653FB1ADB6A7D00F3D237 /* iOSSlider.app */ = {isa = PBXFileReference; explicitFileType = wrapper.application; includeInIndex = 0; path = iOSSlider.app; sourceTree = BUILT_PRODUCTS_DIR; };
		96A653FF1ADB6A7D00F3D237 /* Info.plist */ = {isa = PBXFileReference; lastKnownFileType = text.plist.xml; path = Info.plist; sourceTree = "<group>"; };
		96A654001ADB6A7D00F3D237 /* main.m */ = {isa = PBXFileReference; lastKnownFileType = sourcecode.c.objc; path = main.m; sourceTree = "<group>"; };
		96A654021ADB6A7D00F3D237 /* AppDelegate.h */ = {isa = PBXFileReference; lastKnownFileType = sourcecode.c.h; path = AppDelegate.h; sourceTree = "<group>"; };
		96A654031ADB6A7D00F3D237 /* AppDelegate.m */ = {isa = PBXFileReference; lastKnownFileType = sourcecode.c.objc; path = AppDelegate.m; sourceTree = "<group>"; };
		96A654051ADB6A7D00F3D237 /* ViewController.h */ = {isa = PBXFileReference; lastKnownFileType = sourcecode.c.h; path = ViewController.h; sourceTree = "<group>"; };
		96A654061ADB6A7D00F3D237 /* ViewController.m */ = {isa = PBXFileReference; lastKnownFileType = sourcecode.c.objc; path = ViewController.m; sourceTree = "<group>"; };
		96A654091ADB6A7D00F3D237 /* Base */ = {isa = PBXFileReference; lastKnownFileType = file.storyboard; name = Base; path = Base.lproj/Main.storyboard; sourceTree = "<group>"; };
		96A6540B1ADB6A7D00F3D237 /* Images.xcassets */ = {isa = PBXFileReference; lastKnownFileType = folder.assetcatalog; path = Images.xcassets; sourceTree = "<group>"; };
		96A6540E1ADB6A7D00F3D237 /* Base */ = {isa = PBXFileReference; lastKnownFileType = file.xib; name = Base; path = Base.lproj/LaunchScreen.xib; sourceTree = "<group>"; };
		96A654141ADB6A7D00F3D237 /* iOSSliderTests.xctest */ = {isa = PBXFileReference; explicitFileType = wrapper.cfbundle; includeInIndex = 0; path = iOSSliderTests.xctest; sourceTree = BUILT_PRODUCTS_DIR; };
		96A654191ADB6A7D00F3D237 /* Info.plist */ = {isa = PBXFileReference; lastKnownFileType = text.plist.xml; path = Info.plist; sourceTree = "<group>"; };
		96A6541A1ADB6A7D00F3D237 /* iOSSliderTests.m */ = {isa = PBXFileReference; lastKnownFileType = sourcecode.c.objc; path = iOSSliderTests.m; sourceTree = "<group>"; };
		96A654301ADB839F00F3D237 /* ZC_ShinningSlider.h */ = {isa = PBXFileReference; fileEncoding = 4; lastKnownFileType = sourcecode.c.h; path = ZC_ShinningSlider.h; sourceTree = "<group>"; };
		96A654311ADB839F00F3D237 /* ZC_ShinningSlider.m */ = {isa = PBXFileReference; fileEncoding = 4; lastKnownFileType = sourcecode.c.objc; path = ZC_ShinningSlider.m; sourceTree = "<group>"; };
		96A654341ADB842B00F3D237 /* FBShimmering-Prefix.pch */ = {isa = PBXFileReference; fileEncoding = 4; lastKnownFileType = sourcecode.c.h; path = "FBShimmering-Prefix.pch"; sourceTree = "<group>"; };
		96A654351ADB842B00F3D237 /* FBShimmering.h */ = {isa = PBXFileReference; fileEncoding = 4; lastKnownFileType = sourcecode.c.h; path = FBShimmering.h; sourceTree = "<group>"; };
		96A654361ADB842B00F3D237 /* FBShimmeringLayer.h */ = {isa = PBXFileReference; fileEncoding = 4; lastKnownFileType = sourcecode.c.h; path = FBShimmeringLayer.h; sourceTree = "<group>"; };
		96A654371ADB842B00F3D237 /* FBShimmeringLayer.m */ = {isa = PBXFileReference; fileEncoding = 4; lastKnownFileType = sourcecode.c.objc; path = FBShimmeringLayer.m; sourceTree = "<group>"; };
		96A654381ADB842B00F3D237 /* FBShimmeringView.h */ = {isa = PBXFileReference; fileEncoding = 4; lastKnownFileType = sourcecode.c.h; path = FBShimmeringView.h; sourceTree = "<group>"; };
		96A654391ADB842B00F3D237 /* FBShimmeringView.m */ = {isa = PBXFileReference; fileEncoding = 4; lastKnownFileType = sourcecode.c.objc; path = FBShimmeringView.m; sourceTree = "<group>"; };
		D52AC3F98897AE814053C920 /* Pods.debug.xcconfig */ = {isa = PBXFileReference; includeInIndex = 1; lastKnownFileType = text.xcconfig; name = Pods.debug.xcconfig; path = "Pods/Target Support Files/Pods/Pods.debug.xcconfig"; sourceTree = "<group>"; };
/* End PBXFileReference section */

/* Begin PBXFrameworksBuildPhase section */
		96A653F81ADB6A7D00F3D237 /* Frameworks */ = {
			isa = PBXFrameworksBuildPhase;
			buildActionMask = 2147483647;
			files = (
				C59345A075717642E43FF56D /* libPods.a in Frameworks */,
			);
			runOnlyForDeploymentPostprocessing = 0;
		};
		96A654111ADB6A7D00F3D237 /* Frameworks */ = {
			isa = PBXFrameworksBuildPhase;
			buildActionMask = 2147483647;
			files = (
			);
			runOnlyForDeploymentPostprocessing = 0;
		};
/* End PBXFrameworksBuildPhase section */

/* Begin PBXGroup section */
		96A653F21ADB6A7D00F3D237 = {
			isa = PBXGroup;
			children = (
				96A653FD1ADB6A7D00F3D237 /* iOSSlider */,
				96A654171ADB6A7D00F3D237 /* iOSSliderTests */,
				96A653FC1ADB6A7D00F3D237 /* Products */,
				E6E3470F84A33F350AA620C5 /* Pods */,
				A312391E8AA1B45D8C4779C6 /* Frameworks */,
			);
			sourceTree = "<group>";
		};
		96A653FC1ADB6A7D00F3D237 /* Products */ = {
			isa = PBXGroup;
			children = (
				96A653FB1ADB6A7D00F3D237 /* iOSSlider.app */,
				96A654141ADB6A7D00F3D237 /* iOSSliderTests.xctest */,
			);
			name = Products;
			sourceTree = "<group>";
		};
		96A653FD1ADB6A7D00F3D237 /* iOSSlider */ = {
			isa = PBXGroup;
			children = (
				96A654331ADB842B00F3D237 /* FBShimmering */,
				96A654301ADB839F00F3D237 /* ZC_ShinningSlider.h */,
				96A654311ADB839F00F3D237 /* ZC_ShinningSlider.m */,
				96A654021ADB6A7D00F3D237 /* AppDelegate.h */,
				96A654031ADB6A7D00F3D237 /* AppDelegate.m */,
				96A654051ADB6A7D00F3D237 /* ViewController.h */,
				96A654061ADB6A7D00F3D237 /* ViewController.m */,
				96A654081ADB6A7D00F3D237 /* Main.storyboard */,
				96A6540B1ADB6A7D00F3D237 /* Images.xcassets */,
				96A6540D1ADB6A7D00F3D237 /* LaunchScreen.xib */,
				96A653FE1ADB6A7D00F3D237 /* Supporting Files */,
			);
			path = iOSSlider;
			sourceTree = "<group>";
		};
		96A653FE1ADB6A7D00F3D237 /* Supporting Files */ = {
			isa = PBXGroup;
			children = (
				96A653FF1ADB6A7D00F3D237 /* Info.plist */,
				96A654001ADB6A7D00F3D237 /* main.m */,
			);
			name = "Supporting Files";
			sourceTree = "<group>";
		};
		96A654171ADB6A7D00F3D237 /* iOSSliderTests */ = {
			isa = PBXGroup;
			children = (
				96A6541A1ADB6A7D00F3D237 /* iOSSliderTests.m */,
				96A654181ADB6A7D00F3D237 /* Supporting Files */,
			);
			path = iOSSliderTests;
			sourceTree = "<group>";
		};
		96A654181ADB6A7D00F3D237 /* Supporting Files */ = {
			isa = PBXGroup;
			children = (
				96A654191ADB6A7D00F3D237 /* Info.plist */,
			);
			name = "Supporting Files";
			sourceTree = "<group>";
		};
		96A654331ADB842B00F3D237 /* FBShimmering */ = {
			isa = PBXGroup;
			children = (
				96A654341ADB842B00F3D237 /* FBShimmering-Prefix.pch */,
				96A654351ADB842B00F3D237 /* FBShimmering.h */,
				96A654361ADB842B00F3D237 /* FBShimmeringLayer.h */,
				96A654371ADB842B00F3D237 /* FBShimmeringLayer.m */,
				96A654381ADB842B00F3D237 /* FBShimmeringView.h */,
				96A654391ADB842B00F3D237 /* FBShimmeringView.m */,
			);
			path = FBShimmering;
			sourceTree = "<group>";
		};
		A312391E8AA1B45D8C4779C6 /* Frameworks */ = {
			isa = PBXGroup;
			children = (
				7E1A562DDA1B624D879EBDAE /* libPods.a */,
			);
			name = Frameworks;
			sourceTree = "<group>";
		};
		E6E3470F84A33F350AA620C5 /* Pods */ = {
			isa = PBXGroup;
			children = (
				D52AC3F98897AE814053C920 /* Pods.debug.xcconfig */,
				4CEF802EAFC664D5AE66A738 /* Pods.release.xcconfig */,
			);
			name = Pods;
			sourceTree = "<group>";
		};
/* End PBXGroup section */

/* Begin PBXNativeTarget section */
		96A653FA1ADB6A7D00F3D237 /* iOSSlider */ = {
			isa = PBXNativeTarget;
			buildConfigurationList = 96A6541E1ADB6A7D00F3D237 /* Build configuration list for PBXNativeTarget "iOSSlider" */;
			buildPhases = (
				4B9A5D074D823F47819300F5 /* Check Pods Manifest.lock */,
				96A653F71ADB6A7D00F3D237 /* Sources */,
				96A653F81ADB6A7D00F3D237 /* Frameworks */,
				96A653F91ADB6A7D00F3D237 /* Resources */,
				06F64ABE18A331DF4390FE1D /* Copy Pods Resources */,
			);
			buildRules = (
			);
			dependencies = (
			);
			name = iOSSlider;
			productName = iOSSlider;
			productReference = 96A653FB1ADB6A7D00F3D237 /* iOSSlider.app */;
			productType = "com.apple.product-type.application";
		};
		96A654131ADB6A7D00F3D237 /* iOSSliderTests */ = {
			isa = PBXNativeTarget;
			buildConfigurationList = 96A654211ADB6A7D00F3D237 /* Build configuration list for PBXNativeTarget "iOSSliderTests" */;
			buildPhases = (
				96A654101ADB6A7D00F3D237 /* Sources */,
				96A654111ADB6A7D00F3D237 /* Frameworks */,
				96A654121ADB6A7D00F3D237 /* Resources */,
			);
			buildRules = (
			);
			dependencies = (
				96A654161ADB6A7D00F3D237 /* PBXTargetDependency */,
			);
			name = iOSSliderTests;
			productName = iOSSliderTests;
			productReference = 96A654141ADB6A7D00F3D237 /* iOSSliderTests.xctest */;
			productType = "com.apple.product-type.bundle.unit-test";
		};
/* End PBXNativeTarget section */

/* Begin PBXProject section */
		96A653F31ADB6A7D00F3D237 /* Project object */ = {
			isa = PBXProject;
			attributes = {
				LastUpgradeCheck = 0630;
				ORGANIZATIONNAME = Jason;
				TargetAttributes = {
					96A653FA1ADB6A7D00F3D237 = {
						CreatedOnToolsVersion = 6.3;
					};
					96A654131ADB6A7D00F3D237 = {
						CreatedOnToolsVersion = 6.3;
						TestTargetID = 96A653FA1ADB6A7D00F3D237;
					};
				};
			};
			buildConfigurationList = 96A653F61ADB6A7D00F3D237 /* Build configuration list for PBXProject "iOSSlider" */;
			compatibilityVersion = "Xcode 3.2";
			developmentRegion = English;
			hasScannedForEncodings = 0;
			knownRegions = (
				en,
				Base,
			);
			mainGroup = 96A653F21ADB6A7D00F3D237;
			productRefGroup = 96A653FC1ADB6A7D00F3D237 /* Products */;
			projectDirPath = "";
			projectRoot = "";
			targets = (
				96A653FA1ADB6A7D00F3D237 /* iOSSlider */,
				96A654131ADB6A7D00F3D237 /* iOSSliderTests */,
			);
		};
/* End PBXProject section */

/* Begin PBXResourcesBuildPhase section */
		96A653F91ADB6A7D00F3D237 /* Resources */ = {
			isa = PBXResourcesBuildPhase;
			buildActionMask = 2147483647;
			files = (
				96A6540A1ADB6A7D00F3D237 /* Main.storyboard in Resources */,
				96A6540F1ADB6A7D00F3D237 /* LaunchScreen.xib in Resources */,
				96A6540C1ADB6A7D00F3D237 /* Images.xcassets in Resources */,
			);
			runOnlyForDeploymentPostprocessing = 0;
		};
		96A654121ADB6A7D00F3D237 /* Resources */ = {
			isa = PBXResourcesBuildPhase;
			buildActionMask = 2147483647;
			files = (
			);
			runOnlyForDeploymentPostprocessing = 0;
		};
/* End PBXResourcesBuildPhase section */

/* Begin PBXShellScriptBuildPhase section */
		06F64ABE18A331DF4390FE1D /* Copy Pods Resources */ = {
			isa = PBXShellScriptBuildPhase;
			buildActionMask = 2147483647;
			files = (
			);
			inputPaths = (
			);
			name = "Copy Pods Resources";
			outputPaths = (
			);
			runOnlyForDeploymentPostprocessing = 0;
			shellPath = /bin/sh;
			shellScript = "\"${SRCROOT}/Pods/Target Support Files/Pods/Pods-resources.sh\"\n";
			showEnvVarsInLog = 0;
		};
		4B9A5D074D823F47819300F5 /* Check Pods Manifest.lock */ = {
			isa = PBXShellScriptBuildPhase;
			buildActionMask = 2147483647;
			files = (
			);
			inputPaths = (
			);
			name = "Check Pods Manifest.lock";
			outputPaths = (
			);
			runOnlyForDeploymentPostprocessing = 0;
			shellPath = /bin/sh;
			shellScript = "diff \"${PODS_ROOT}/../Podfile.lock\" \"${PODS_ROOT}/Manifest.lock\" > /dev/null\nif [[ $? != 0 ]] ; then\n    cat << EOM\nerror: The sandbox is not in sync with the Podfile.lock. Run 'pod install' or update your CocoaPods installation.\nEOM\n    exit 1\nfi\n";
			showEnvVarsInLog = 0;
		};
/* End PBXShellScriptBuildPhase section */

/* Begin PBXSourcesBuildPhase section */
		96A653F71ADB6A7D00F3D237 /* Sources */ = {
			isa = PBXSourcesBuildPhase;
			buildActionMask = 2147483647;
			files = (
				96A654071ADB6A7D00F3D237 /* ViewController.m in Sources */,
				96A6543B1ADB842B00F3D237 /* FBShimmeringView.m in Sources */,
				96A654041ADB6A7D00F3D237 /* AppDelegate.m in Sources */,
				96A6543A1ADB842B00F3D237 /* FBShimmeringLayer.m in Sources */,
				96A654011ADB6A7D00F3D237 /* main.m in Sources */,
				96A654321ADB839F00F3D237 /* ZC_ShinningSlider.m in Sources */,
			);
			runOnlyForDeploymentPostprocessing = 0;
		};
		96A654101ADB6A7D00F3D237 /* Sources */ = {
			isa = PBXSourcesBuildPhase;
			buildActionMask = 2147483647;
			files = (
				96A6541B1ADB6A7D00F3D237 /* iOSSliderTests.m in Sources */,
			);
			runOnlyForDeploymentPostprocessing = 0;
		};
/* End PBXSourcesBuildPhase section */

/* Begin PBXTargetDependency section */
		96A654161ADB6A7D00F3D237 /* PBXTargetDependency */ = {
			isa = PBXTargetDependency;
			target = 96A653FA1ADB6A7D00F3D237 /* iOSSlider */;
			targetProxy = 96A654151ADB6A7D00F3D237 /* PBXContainerItemProxy */;
		};
/* End PBXTargetDependency section */

/* Begin PBXVariantGroup section */
		96A654081ADB6A7D00F3D237 /* Main.storyboard */ = {
			isa = PBXVariantGroup;
			children = (
				96A654091ADB6A7D00F3D237 /* Base */,
			);
			name = Main.storyboard;
			sourceTree = "<group>";
		};
		96A6540D1ADB6A7D00F3D237 /* LaunchScreen.xib */ = {
			isa = PBXVariantGroup;
			children = (
				96A6540E1ADB6A7D00F3D237 /* Base */,
			);
			name = LaunchScreen.xib;
			sourceTree = "<group>";
		};
/* End PBXVariantGroup section */

/* Begin XCBuildConfiguration section */
		96A6541C1ADB6A7D00F3D237 /* Debug */ = {
			isa = XCBuildConfiguration;
			buildSettings = {
				ALWAYS_SEARCH_USER_PATHS = NO;
				CLANG_CXX_LANGUAGE_STANDARD = "gnu++0x";
				CLANG_CXX_LIBRARY = "libc++";
				CLANG_ENABLE_MODULES = YES;
				CLANG_ENABLE_OBJC_ARC = YES;
				CLANG_WARN_BOOL_CONVERSION = YES;
				CLANG_WARN_CONSTANT_CONVERSION = YES;
				CLANG_WARN_DIRECT_OBJC_ISA_USAGE = YES_ERROR;
				CLANG_WARN_EMPTY_BODY = YES;
				CLANG_WARN_ENUM_CONVERSION = YES;
				CLANG_WARN_INT_CONVERSION = YES;
				CLANG_WARN_OBJC_ROOT_CLASS = YES_ERROR;
				CLANG_WARN_UNREACHABLE_CODE = YES;
				CLANG_WARN__DUPLICATE_METHOD_MATCH = YES;
				"CODE_SIGN_IDENTITY[sdk=iphoneos*]" = "iPhone Developer";
				COPY_PHASE_STRIP = NO;
				DEBUG_INFORMATION_FORMAT = "dwarf-with-dsym";
				ENABLE_STRICT_OBJC_MSGSEND = YES;
				GCC_C_LANGUAGE_STANDARD = gnu99;
				GCC_DYNAMIC_NO_PIC = NO;
				GCC_NO_COMMON_BLOCKS = YES;
				GCC_OPTIMIZATION_LEVEL = 0;
				GCC_PREPROCESSOR_DEFINITIONS = (
					"DEBUG=1",
					"$(inherited)",
				);
				GCC_SYMBOLS_PRIVATE_EXTERN = NO;
				GCC_WARN_64_TO_32_BIT_CONVERSION = YES;
				GCC_WARN_ABOUT_RETURN_TYPE = YES_ERROR;
				GCC_WARN_UNDECLARED_SELECTOR = YES;
				GCC_WARN_UNINITIALIZED_AUTOS = YES_AGGRESSIVE;
				GCC_WARN_UNUSED_FUNCTION = YES;
				GCC_WARN_UNUSED_VARIABLE = YES;
				IPHONEOS_DEPLOYMENT_TARGET = 8.3;
				MTL_ENABLE_DEBUG_INFO = YES;
				ONLY_ACTIVE_ARCH = YES;
				SDKROOT = iphoneos;
				TARGETED_DEVICE_FAMILY = "1,2";
			};
			name = Debug;
		};
		96A6541D1ADB6A7D00F3D237 /* Release */ = {
			isa = XCBuildConfiguration;
			buildSettings = {
				ALWAYS_SEARCH_USER_PATHS = NO;
				CLANG_CXX_LANGUAGE_STANDARD = "gnu++0x";
				CLANG_CXX_LIBRARY = "libc++";
				CLANG_ENABLE_MODULES = YES;
				CLANG_ENABLE_OBJC_ARC = YES;
				CLANG_WARN_BOOL_CONVERSION = YES;
				CLANG_WARN_CONSTANT_CONVERSION = YES;
				CLANG_WARN_DIRECT_OBJC_ISA_USAGE = YES_ERROR;
				CLANG_WARN_EMPTY_BODY = YES;
				CLANG_WARN_ENUM_CONVERSION = YES;
				CLANG_WARN_INT_CONVERSION = YES;
				CLANG_WARN_OBJC_ROOT_CLASS = YES_ERROR;
				CLANG_WARN_UNREACHABLE_CODE = YES;
				CLANG_WARN__DUPLICATE_METHOD_MATCH = YES;
				"CODE_SIGN_IDENTITY[sdk=iphoneos*]" = "iPhone Developer";
				COPY_PHASE_STRIP = NO;
				DEBUG_INFORMATION_FORMAT = "dwarf-with-dsym";
				ENABLE_NS_ASSERTIONS = NO;
				ENABLE_STRICT_OBJC_MSGSEND = YES;
				GCC_C_LANGUAGE_STANDARD = gnu99;
				GCC_NO_COMMON_BLOCKS = YES;
				GCC_WARN_64_TO_32_BIT_CONVERSION = YES;
				GCC_WARN_ABOUT_RETURN_TYPE = YES_ERROR;
				GCC_WARN_UNDECLARED_SELECTOR = YES;
				GCC_WARN_UNINITIALIZED_AUTOS = YES_AGGRESSIVE;
				GCC_WARN_UNUSED_FUNCTION = YES;
				GCC_WARN_UNUSED_VARIABLE = YES;
				IPHONEOS_DEPLOYMENT_TARGET = 8.3;
				MTL_ENABLE_DEBUG_INFO = NO;
				SDKROOT = iphoneos;
				TARGETED_DEVICE_FAMILY = "1,2";
				VALIDATE_PRODUCT = YES;
			};
			name = Release;
		};
		96A6541F1ADB6A7D00F3D237 /* Debug */ = {
			isa = XCBuildConfiguration;
			baseConfigurationReference = D52AC3F98897AE814053C920 /* Pods.debug.xcconfig */;
			buildSettings = {
				ASSETCATALOG_COMPILER_APPICON_NAME = AppIcon;
				INFOPLIST_FILE = iOSSlider/Info.plist;
				LD_RUNPATH_SEARCH_PATHS = "$(inherited) @executable_path/Frameworks";
				PRODUCT_NAME = "$(TARGET_NAME)";
			};
			name = Debug;
		};
		96A654201ADB6A7D00F3D237 /* Release */ = {
			isa = XCBuildConfiguration;
			baseConfigurationReference = 4CEF802EAFC664D5AE66A738 /* Pods.release.xcconfig */;
			buildSettings = {
				ASSETCATALOG_COMPILER_APPICON_NAME = AppIcon;
				INFOPLIST_FILE = iOSSlider/Info.plist;
				LD_RUNPATH_SEARCH_PATHS = "$(inherited) @executable_path/Frameworks";
				PRODUCT_NAME = "$(TARGET_NAME)";
			};
			name = Release;
		};
		96A654221ADB6A7D00F3D237 /* Debug */ = {
			isa = XCBuildConfiguration;
			buildSettings = {
				BUNDLE_LOADER = "$(TEST_HOST)";
				FRAMEWORK_SEARCH_PATHS = (
					"$(SDKROOT)/Developer/Library/Frameworks",
					"$(inherited)",
				);
				GCC_PREPROCESSOR_DEFINITIONS = (
					"DEBUG=1",
					"$(inherited)",
				);
				INFOPLIST_FILE = iOSSliderTests/Info.plist;
				LD_RUNPATH_SEARCH_PATHS = "$(inherited) @executable_path/Frameworks @loader_path/Frameworks";
				PRODUCT_NAME = "$(TARGET_NAME)";
				TEST_HOST = "$(BUILT_PRODUCTS_DIR)/iOSSlider.app/iOSSlider";
			};
			name = Debug;
		};
		96A654231ADB6A7D00F3D237 /* Release */ = {
			isa = XCBuildConfiguration;
			buildSettings = {
				BUNDLE_LOADER = "$(TEST_HOST)";
				FRAMEWORK_SEARCH_PATHS = (
					"$(SDKROOT)/Developer/Library/Frameworks",
					"$(inherited)",
				);
				INFOPLIST_FILE = iOSSliderTests/Info.plist;
				LD_RUNPATH_SEARCH_PATHS = "$(inherited) @executable_path/Frameworks @loader_path/Frameworks";
				PRODUCT_NAME = "$(TARGET_NAME)";
				TEST_HOST = "$(BUILT_PRODUCTS_DIR)/iOSSlider.app/iOSSlider";
			};
			name = Release;
		};
/* End XCBuildConfiguration section */

/* Begin XCConfigurationList section */
		96A653F61ADB6A7D00F3D237 /* Build configuration list for PBXProject "iOSSlider" */ = {
			isa = XCConfigurationList;
			buildConfigurations = (
				96A6541C1ADB6A7D00F3D237 /* Debug */,
				96A6541D1ADB6A7D00F3D237 /* Release */,
			);
			defaultConfigurationIsVisible = 0;
			defaultConfigurationName = Release;
		};
		96A6541E1ADB6A7D00F3D237 /* Build configuration list for PBXNativeTarget "iOSSlider" */ = {
			isa = XCConfigurationList;
			buildConfigurations = (
				96A6541F1ADB6A7D00F3D237 /* Debug */,
				96A654201ADB6A7D00F3D237 /* Release */,
			);
			defaultConfigurationIsVisible = 0;
			defaultConfigurationName = Release;
		};
		96A654211ADB6A7D00F3D237 /* Build configuration list for PBXNativeTarget "iOSSliderTests" */ = {
			isa = XCConfigurationList;
			buildConfigurations = (
				96A654221ADB6A7D00F3D237 /* Debug */,
				96A654231ADB6A7D00F3D237 /* Release */,
			);
			defaultConfigurationIsVisible = 0;
			defaultConfigurationName = Release;
		};
/* End XCConfigurationList section */
	};
	rootObject = 96A653F31ADB6A7D00F3D237 /* Project object */;
}
